
Microsoft Visual Studio Solution File, Format Version 12.00
# Visual Studio Version 17
VisualStudioVersion = 17.1.32328.378
MinimumVisualStudioVersion = 10.0.40219.1
Project("{FAE04EC0-301F-11D3-BF4B-00C04F79EFBC}") = "PollyPipe", "PollyPipe\PollyPipe.csproj", "{D9140863-EEB6-4E42-800B-FC9CAFB1B02D}"
EndProject
Global
	GlobalSection(SolutionConfigurationPlatforms) = preSolution
		Debug|Any CPU = Debug|Any CPU
		Release|Any CPU = Release|Any CPU
	EndGlobalSection
	GlobalSection(ProjectConfigurationPlatforms) = postSolution
		{D9140863-EEB6-4E42-800B-FC9CAFB1B02D}.Debug|Any CPU.ActiveCfg = Debug|Any CPU
		{D9140863-EEB6-4E42-800B-FC9CAFB1B02D}.Debug|Any CPU.Build.0 = Debug|Any CPU
		{D9140863-EEB6-4E42-800B-FC9CAFB1B02D}.Release|Any CPU.ActiveCfg = Release|Any CPU
		{D9140863-EEB6-4E42-800B-FC9CAFB1B02D}.Release|Any CPU.Build.0 = Release|Any CPU
	EndGlobalSection
	GlobalSection(SolutionProperties) = preSolution
		HideSolutionNode = FALSE
	EndGlobalSection
	GlobalSection(ExtensibilityGlobals) = postSolution
		SolutionGuid = {36508CE0-89B8-4CD8-8558-3780B5FA3BE6}
	EndGlobalSection
EndGlobal
